
Microsoft Visual Studio Solution File, Format Version 12.00
# Visual Studio Version 17
VisualStudioVersion = 17.9.34616.47
MinimumVisualStudioVersion = 10.0.40219.1
Project("{9A19103F-16F7-4668-BE54-9A1E7A4F7556}") = "ControleConta", "ControleConta\ControleConta.csproj", "{7E620766-B0DB-43CE-BB9E-D4A0964ED03D}"
EndProject
Global
	GlobalSection(SolutionConfigurationPlatforms) = preSolution
		Debug|Any CPU = Debug|Any CPU
		Release|Any CPU = Release|Any CPU
	EndGlobalSection
	GlobalSection(ProjectConfigurationPlatforms) = postSolution
		{7E620766-B0DB-43CE-BB9E-D4A0964ED03D}.Debug|Any CPU.ActiveCfg = Debug|Any CPU
		{7E620766-B0DB-43CE-BB9E-D4A0964ED03D}.Debug|Any CPU.Build.0 = Debug|Any CPU
		{7E620766-B0DB-43CE-BB9E-D4A0964ED03D}.Release|Any CPU.ActiveCfg = Release|Any CPU
		{7E620766-B0DB-43CE-BB9E-D4A0964ED03D}.Release|Any CPU.Build.0 = Release|Any CPU
	EndGlobalSection
	GlobalSection(SolutionProperties) = preSolution
		HideSolutionNode = FALSE
	EndGlobalSection
	GlobalSection(ExtensibilityGlobals) = postSolution
		SolutionGuid = {6FE91C25-9AF8-45E8-A77A-B4C84FC2FCC8}
	EndGlobalSection
EndGlobal
